// !$*UTF8*$!
{
	archiveVersion = 1;
	classes = {
	};
	objectVersion = 56;
	objects = {

/* Begin PBXBuildFile section */
		5F29DC772BAB8C4000174A8E /* AppDelegate.swift in Sources */ = {isa = PBXBuildFile; fileRef = 5F29DC762BAB8C4000174A8E /* AppDelegate.swift */; };
		5F29DC792BAB8C4000174A8E /* SceneDelegate.swift in Sources */ = {isa = PBXBuildFile; fileRef = 5F29DC782BAB8C4000174A8E /* SceneDelegate.swift */; };
		5F29DC7B2BAB8C4000174A8E /* CalcController.swift in Sources */ = {isa = PBXBuildFile; fileRef = 5F29DC7A2BAB8C4000174A8E /* CalcController.swift */; };
		5F29DC802BAB8C4400174A8E /* Assets.xcassets in Resources */ = {isa = PBXBuildFile; fileRef = 5F29DC7F2BAB8C4400174A8E /* Assets.xcassets */; };
		5F29DC832BAB8C4400174A8E /* LaunchScreen.storyboard in Resources */ = {isa = PBXBuildFile; fileRef = 5F29DC812BAB8C4400174A8E /* LaunchScreen.storyboard */; };
		5F29DC8E2BAB924800174A8E /* CalcControllerViewModel.swift in Sources */ = {isa = PBXBuildFile; fileRef = 5F29DC8D2BAB924800174A8E /* CalcControllerViewModel.swift */; };
		5F29DC902BAB95E600174A8E /* ButtonCell.swift in Sources */ = {isa = PBXBuildFile; fileRef = 5F29DC8F2BAB95E600174A8E /* ButtonCell.swift */; };
		5F29DC922BAB963F00174A8E /* CalcHeaderCell.swift in Sources */ = {isa = PBXBuildFile; fileRef = 5F29DC912BAB963F00174A8E /* CalcHeaderCell.swift */; };
		5F29DC942BAB966D00174A8E /* CalculatorButton.swift in Sources */ = {isa = PBXBuildFile; fileRef = 5F29DC932BAB966D00174A8E /* CalculatorButton.swift */; };
		5F29DC962BADD0EA00174A8E /* CalculatorOperation.swift in Sources */ = {isa = PBXBuildFile; fileRef = 5F29DC952BADD0EA00174A8E /* CalculatorOperation.swift */; };
		5F29DC982BADD17400174A8E /* Extensions.swift in Sources */ = {isa = PBXBuildFile; fileRef = 5F29DC972BADD17400174A8E /* Extensions.swift */; };
/* End PBXBuildFile section */

/* Begin PBXFileReference section */
		5F29DC732BAB8C4000174A8E /* Calculator.app */ = {isa = PBXFileReference; explicitFileType = wrapper.application; includeInIndex = 0; path = Calculator.app; sourceTree = BUILT_PRODUCTS_DIR; };
		5F29DC762BAB8C4000174A8E /* AppDelegate.swift */ = {isa = PBXFileReference; lastKnownFileType = sourcecode.swift; path = AppDelegate.swift; sourceTree = "<group>"; };
		5F29DC782BAB8C4000174A8E /* SceneDelegate.swift */ = {isa = PBXFileReference; lastKnownFileType = sourcecode.swift; path = SceneDelegate.swift; sourceTree = "<group>"; };
		5F29DC7A2BAB8C4000174A8E /* CalcController.swift */ = {isa = PBXFileReference; lastKnownFileType = sourcecode.swift; path = CalcController.swift; sourceTree = "<group>"; };
		5F29DC7F2BAB8C4400174A8E /* Assets.xcassets */ = {isa = PBXFileReference; lastKnownFileType = folder.assetcatalog; path = Assets.xcassets; sourceTree = "<group>"; };
		5F29DC822BAB8C4400174A8E /* Base */ = {isa = PBXFileReference; lastKnownFileType = file.storyboard; name = Base; path = Base.lproj/LaunchScreen.storyboard; sourceTree = "<group>"; };
		5F29DC842BAB8C4400174A8E /* Info.plist */ = {isa = PBXFileReference; lastKnownFileType = text.plist.xml; path = Info.plist; sourceTree = "<group>"; };
		5F29DC8D2BAB924800174A8E /* CalcControllerViewModel.swift */ = {isa = PBXFileReference; lastKnownFileType = sourcecode.swift; path = CalcControllerViewModel.swift; sourceTree = "<group>"; };
		5F29DC8F2BAB95E600174A8E /* ButtonCell.swift */ = {isa = PBXFileReference; lastKnownFileType = sourcecode.swift; path = ButtonCell.swift; sourceTree = "<group>"; };
		5F29DC912BAB963F00174A8E /* CalcHeaderCell.swift */ = {isa = PBXFileReference; lastKnownFileType = sourcecode.swift; path = CalcHeaderCell.swift; sourceTree = "<group>"; };
		5F29DC932BAB966D00174A8E /* CalculatorButton.swift */ = {isa = PBXFileReference; lastKnownFileType = sourcecode.swift; path = CalculatorButton.swift; sourceTree = "<group>"; };
		5F29DC952BADD0EA00174A8E /* CalculatorOperation.swift */ = {isa = PBXFileReference; lastKnownFileType = sourcecode.swift; path = CalculatorOperation.swift; sourceTree = "<group>"; };
		5F29DC972BADD17400174A8E /* Extensions.swift */ = {isa = PBXFileReference; lastKnownFileType = sourcecode.swift; path = Extensions.swift; sourceTree = "<group>"; };
/* End PBXFileReference section */

/* Begin PBXFrameworksBuildPhase section */
		5F29DC702BAB8C4000174A8E /* Frameworks */ = {
			isa = PBXFrameworksBuildPhase;
			buildActionMask = 2147483647;
			files = (
			);
			runOnlyForDeploymentPostprocessing = 0;
		};
/* End PBXFrameworksBuildPhase section */

/* Begin PBXGroup section */
		5F29DC6A2BAB8C4000174A8E = {
			isa = PBXGroup;
			children = (
				5F29DC752BAB8C4000174A8E /* Calculator */,
				5F29DC742BAB8C4000174A8E /* Products */,
			);
			sourceTree = "<group>";
		};
		5F29DC742BAB8C4000174A8E /* Products */ = {
			isa = PBXGroup;
			children = (
				5F29DC732BAB8C4000174A8E /* Calculator.app */,
			);
			name = Products;
			sourceTree = "<group>";
		};
		5F29DC752BAB8C4000174A8E /* Calculator */ = {
			isa = PBXGroup;
			children = (
				5F29DC7A2BAB8C4000174A8E /* CalcController.swift */,
				5F29DC8B2BAB91C700174A8E /* Views */,
				5F29DC8C2BAB91D000174A8E /* Models */,
				5F29DC8A2BAB915700174A8E /* Supporting */,
				5F29DC842BAB8C4400174A8E /* Info.plist */,
			);
			path = Calculator;
			sourceTree = "<group>";
		};
		5F29DC8A2BAB915700174A8E /* Supporting */ = {
			isa = PBXGroup;
			children = (
				5F29DC7F2BAB8C4400174A8E /* Assets.xcassets */,
				5F29DC812BAB8C4400174A8E /* LaunchScreen.storyboard */,
				5F29DC782BAB8C4000174A8E /* SceneDelegate.swift */,
				5F29DC762BAB8C4000174A8E /* AppDelegate.swift */,
				5F29DC972BADD17400174A8E /* Extensions.swift */,
			);
			name = Supporting;
			sourceTree = "<group>";
		};
		5F29DC8B2BAB91C700174A8E /* Views */ = {
			isa = PBXGroup;
			children = (
				5F29DC8F2BAB95E600174A8E /* ButtonCell.swift */,
				5F29DC8D2BAB924800174A8E /* CalcControllerViewModel.swift */,
				5F29DC912BAB963F00174A8E /* CalcHeaderCell.swift */,
			);
			name = Views;
			sourceTree = "<group>";
		};
		5F29DC8C2BAB91D000174A8E /* Models */ = {
			isa = PBXGroup;
			children = (
				5F29DC932BAB966D00174A8E /* CalculatorButton.swift */,
				5F29DC952BADD0EA00174A8E /* CalculatorOperation.swift */,
			);
			name = Models;
			sourceTree = "<group>";
		};
/* End PBXGroup section */

/* Begin PBXNativeTarget section */
		5F29DC722BAB8C4000174A8E /* Calculator */ = {
			isa = PBXNativeTarget;
			buildConfigurationList = 5F29DC872BAB8C4400174A8E /* Build configuration list for PBXNativeTarget "Calculator" */;
			buildPhases = (
				5F29DC6F2BAB8C4000174A8E /* Sources */,
				5F29DC702BAB8C4000174A8E /* Frameworks */,
				5F29DC712BAB8C4000174A8E /* Resources */,
			);
			buildRules = (
			);
			dependencies = (
			);
			name = Calculator;
			productName = Calculator;
			productReference = 5F29DC732BAB8C4000174A8E /* Calculator.app */;
			productType = "com.apple.product-type.application";
		};
/* End PBXNativeTarget section */

/* Begin PBXProject section */
		5F29DC6B2BAB8C4000174A8E /* Project object */ = {
			isa = PBXProject;
			attributes = {
				BuildIndependentTargetsInParallel = 1;
				LastSwiftUpdateCheck = 1520;
				LastUpgradeCheck = 1520;
				TargetAttributes = {
					5F29DC722BAB8C4000174A8E = {
						CreatedOnToolsVersion = 15.2;
					};
				};
			};
			buildConfigurationList = 5F29DC6E2BAB8C4000174A8E /* Build configuration list for PBXProject "Calculator" */;
			compatibilityVersion = "Xcode 14.0";
			developmentRegion = en;
			hasScannedForEncodings = 0;
			knownRegions = (
				en,
				Base,
			);
			mainGroup = 5F29DC6A2BAB8C4000174A8E;
			productRefGroup = 5F29DC742BAB8C4000174A8E /* Products */;
			projectDirPath = "";
			projectRoot = "";
			targets = (
				5F29DC722BAB8C4000174A8E /* Calculator */,
			);
		};
/* End PBXProject section */

/* Begin PBXResourcesBuildPhase section */
		5F29DC712BAB8C4000174A8E /* Resources */ = {
			isa = PBXResourcesBuildPhase;
			buildActionMask = 2147483647;
			files = (
				5F29DC832BAB8C4400174A8E /* LaunchScreen.storyboard in Resources */,
				5F29DC802BAB8C4400174A8E /* Assets.xcassets in Resources */,
			);
			runOnlyForDeploymentPostprocessing = 0;
		};
/* End PBXResourcesBuildPhase section */

/* Begin PBXSourcesBuildPhase section */
		5F29DC6F2BAB8C4000174A8E /* Sources */ = {
			isa = PBXSourcesBuildPhase;
			buildActionMask = 2147483647;
			files = (
				5F29DC7B2BAB8C4000174A8E /* CalcController.swift in Sources */,
				5F29DC982BADD17400174A8E /* Extensions.swift in Sources */,
				5F29DC942BAB966D00174A8E /* CalculatorButton.swift in Sources */,
				5F29DC772BAB8C4000174A8E /* AppDelegate.swift in Sources */,
				5F29DC792BAB8C4000174A8E /* SceneDelegate.swift in Sources */,
				5F29DC922BAB963F00174A8E /* CalcHeaderCell.swift in Sources */,
				5F29DC902BAB95E600174A8E /* ButtonCell.swift in Sources */,
				5F29DC8E2BAB924800174A8E /* CalcControllerViewModel.swift in Sources */,
				5F29DC962BADD0EA00174A8E /* CalculatorOperation.swift in Sources */,
			);
			runOnlyForDeploymentPostprocessing = 0;
		};
/* End PBXSourcesBuildPhase section */

/* Begin PBXVariantGroup section */
		5F29DC812BAB8C4400174A8E /* LaunchScreen.storyboard */ = {
			isa = PBXVariantGroup;
			children = (
				5F29DC822BAB8C4400174A8E /* Base */,
			);
			name = LaunchScreen.storyboard;
			sourceTree = "<group>";
		};
/* End PBXVariantGroup section */

/* Begin XCBuildConfiguration section */
		5F29DC852BAB8C4400174A8E /* Debug */ = {
			isa = XCBuildConfiguration;
			buildSettings = {
				ALWAYS_SEARCH_USER_PATHS = NO;
				ASSETCATALOG_COMPILER_GENERATE_SWIFT_ASSET_SYMBOL_EXTENSIONS = YES;
				CLANG_ANALYZER_NONNULL = YES;
				CLANG_ANALYZER_NUMBER_OBJECT_CONVERSION = YES_AGGRESSIVE;
				CLANG_CXX_LANGUAGE_STANDARD = "gnu++20";
				CLANG_ENABLE_MODULES = YES;
				CLANG_ENABLE_OBJC_ARC = YES;
				CLANG_ENABLE_OBJC_WEAK = YES;
				CLANG_WARN_BLOCK_CAPTURE_AUTORELEASING = YES;
				CLANG_WARN_BOOL_CONVERSION = YES;
				CLANG_WARN_COMMA = YES;
				CLANG_WARN_CONSTANT_CONVERSION = YES;
				CLANG_WARN_DEPRECATED_OBJC_IMPLEMENTATIONS = YES;
				CLANG_WARN_DIRECT_OBJC_ISA_USAGE = YES_ERROR;
				CLANG_WARN_DOCUMENTATION_COMMENTS = YES;
				CLANG_WARN_EMPTY_BODY = YES;
				CLANG_WARN_ENUM_CONVERSION = YES;
				CLANG_WARN_INFINITE_RECURSION = YES;
				CLANG_WARN_INT_CONVERSION = YES;
				CLANG_WARN_NON_LITERAL_NULL_CONVERSION = YES;
				CLANG_WARN_OBJC_IMPLICIT_RETAIN_SELF = YES;
				CLANG_WARN_OBJC_LITERAL_CONVERSION = YES;
				CLANG_WARN_OBJC_ROOT_CLASS = YES_ERROR;
				CLANG_WARN_QUOTED_INCLUDE_IN_FRAMEWORK_HEADER = YES;
				CLANG_WARN_RANGE_LOOP_ANALYSIS = YES;
				CLANG_WARN_STRICT_PROTOTYPES = YES;
				CLANG_WARN_SUSPICIOUS_MOVE = YES;
				CLANG_WARN_UNGUARDED_AVAILABILITY = YES_AGGRESSIVE;
				CLANG_WARN_UNREACHABLE_CODE = YES;
				CLANG_WARN__DUPLICATE_METHOD_MATCH = YES;
				COPY_PHASE_STRIP = NO;
				DEBUG_INFORMATION_FORMAT = dwarf;
				ENABLE_STRICT_OBJC_MSGSEND = YES;
				ENABLE_TESTABILITY = YES;
				ENABLE_USER_SCRIPT_SANDBOXING = YES;
				GCC_C_LANGUAGE_STANDARD = gnu17;
				GCC_DYNAMIC_NO_PIC = NO;
				GCC_NO_COMMON_BLOCKS = YES;
				GCC_OPTIMIZATION_LEVEL = 0;
				GCC_PREPROCESSOR_DEFINITIONS = (
					"DEBUG=1",
					"$(inherited)",
				);
				GCC_WARN_64_TO_32_BIT_CONVERSION = YES;
				GCC_WARN_ABOUT_RETURN_TYPE = YES_ERROR;
				GCC_WARN_UNDECLARED_SELECTOR = YES;
				GCC_WARN_UNINITIALIZED_AUTOS = YES_AGGRESSIVE;
				GCC_WARN_UNUSED_FUNCTION = YES;
				GCC_WARN_UNUSED_VARIABLE = YES;
				IPHONEOS_DEPLOYMENT_TARGET = 17.2;
				LOCALIZATION_PREFERS_STRING_CATALOGS = YES;
				MTL_ENABLE_DEBUG_INFO = INCLUDE_SOURCE;
				MTL_FAST_MATH = YES;
				ONLY_ACTIVE_ARCH = YES;
				SDKROOT = iphoneos;
				SWIFT_ACTIVE_COMPILATION_CONDITIONS = "DEBUG $(inherited)";
				SWIFT_OPTIMIZATION_LEVEL = "-Onone";
			};
			name = Debug;
		};
		5F29DC862BAB8C4400174A8E /* Release */ = {
			isa = XCBuildConfiguration;
			buildSettings = {
				ALWAYS_SEARCH_USER_PATHS = NO;
				ASSETCATALOG_COMPILER_GENERATE_SWIFT_ASSET_SYMBOL_EXTENSIONS = YES;
				CLANG_ANALYZER_NONNULL = YES;
				CLANG_ANALYZER_NUMBER_OBJECT_CONVERSION = YES_AGGRESSIVE;
				CLANG_CXX_LANGUAGE_STANDARD = "gnu++20";
				CLANG_ENABLE_MODULES = YES;
				CLANG_ENABLE_OBJC_ARC = YES;
				CLANG_ENABLE_OBJC_WEAK = YES;
				CLANG_WARN_BLOCK_CAPTURE_AUTORELEASING = YES;
				CLANG_WARN_BOOL_CONVERSION = YES;
				CLANG_WARN_COMMA = YES;
				CLANG_WARN_CONSTANT_CONVERSION = YES;
				CLANG_WARN_DEPRECATED_OBJC_IMPLEMENTATIONS = YES;
				CLANG_WARN_DIRECT_OBJC_ISA_USAGE = YES_ERROR;
				CLANG_WARN_DOCUMENTATION_COMMENTS = YES;
				CLANG_WARN_EMPTY_BODY = YES;
				CLANG_WARN_ENUM_CONVERSION = YES;
				CLANG_WARN_INFINITE_RECURSION = YES;
				CLANG_WARN_INT_CONVERSION = YES;
				CLANG_WARN_NON_LITERAL_NULL_CONVERSION = YES;
				CLANG_WARN_OBJC_IMPLICIT_RETAIN_SELF = YES;
				CLANG_WARN_OBJC_LITERAL_CONVERSION = YES;
				CLANG_WARN_OBJC_ROOT_CLASS = YES_ERROR;
				CLANG_WARN_QUOTED_INCLUDE_IN_FRAMEWORK_HEADER = YES;
				CLANG_WARN_RANGE_LOOP_ANALYSIS = YES;
				CLANG_WARN_STRICT_PROTOTYPES = YES;
				CLANG_WARN_SUSPICIOUS_MOVE = YES;
				CLANG_WARN_UNGUARDED_AVAILABILITY = YES_AGGRESSIVE;
				CLANG_WARN_UNREACHABLE_CODE = YES;
				CLANG_WARN__DUPLICATE_METHOD_MATCH = YES;
				COPY_PHASE_STRIP = NO;
				DEBUG_INFORMATION_FORMAT = "dwarf-with-dsym";
				ENABLE_NS_ASSERTIONS = NO;
				ENABLE_STRICT_OBJC_MSGSEND = YES;
				ENABLE_USER_SCRIPT_SANDBOXING = YES;
				GCC_C_LANGUAGE_STANDARD = gnu17;
				GCC_NO_COMMON_BLOCKS = YES;
				GCC_WARN_64_TO_32_BIT_CONVERSION = YES;
				GCC_WARN_ABOUT_RETURN_TYPE = YES_ERROR;
				GCC_WARN_UNDECLARED_SELECTOR = YES;
				GCC_WARN_UNINITIALIZED_AUTOS = YES_AGGRESSIVE;
				GCC_WARN_UNUSED_FUNCTION = YES;
				GCC_WARN_UNUSED_VARIABLE = YES;
				IPHONEOS_DEPLOYMENT_TARGET = 17.2;
				LOCALIZATION_PREFERS_STRING_CATALOGS = YES;
				MTL_ENABLE_DEBUG_INFO = NO;
				MTL_FAST_MATH = YES;
				SDKROOT = iphoneos;
				SWIFT_COMPILATION_MODE = wholemodule;
				VALIDATE_PRODUCT = YES;
			};
			name = Release;
		};
		5F29DC882BAB8C4400174A8E /* Debug */ = {
			isa = XCBuildConfiguration;
			buildSettings = {
				ASSETCATALOG_COMPILER_APPICON_NAME = AppIcon;
				ASSETCATALOG_COMPILER_GLOBAL_ACCENT_COLOR_NAME = AccentColor;
				CODE_SIGN_STYLE = Automatic;
				CURRENT_PROJECT_VERSION = 1;
				DEVELOPMENT_TEAM = S3AQ9PH5Y7;
				GENERATE_INFOPLIST_FILE = YES;
				INFOPLIST_FILE = Calculator/Info.plist;
				INFOPLIST_KEY_UIApplicationSupportsIndirectInputEvents = YES;
				INFOPLIST_KEY_UILaunchStoryboardName = LaunchScreen;
				INFOPLIST_KEY_UISupportedInterfaceOrientations_iPad = "UIInterfaceOrientationPortrait UIInterfaceOrientationPortraitUpsideDown UIInterfaceOrientationLandscapeLeft UIInterfaceOrientationLandscapeRight";
				INFOPLIST_KEY_UISupportedInterfaceOrientations_iPhone = "UIInterfaceOrientationPortrait UIInterfaceOrientationLandscapeLeft UIInterfaceOrientationLandscapeRight";
				LD_RUNPATH_SEARCH_PATHS = (
					"$(inherited)",
					"@executable_path/Frameworks",
				);
				MARKETING_VERSION = 1.0;
				PRODUCT_BUNDLE_IDENTIFIER = None.Calculator;
				PRODUCT_NAME = "$(TARGET_NAME)";
				SWIFT_EMIT_LOC_STRINGS = YES;
				SWIFT_VERSION = 5.0;
				TARGETED_DEVICE_FAMILY = "1,2";
			};
			name = Debug;
		};
		5F29DC892BAB8C4400174A8E /* Release */ = {
			isa = XCBuildConfiguration;
			buildSettings = {
				ASSETCATALOG_COMPILER_APPICON_NAME = AppIcon;
				ASSETCATALOG_COMPILER_GLOBAL_ACCENT_COLOR_NAME = AccentColor;
				CODE_SIGN_STYLE = Automatic;
				CURRENT_PROJECT_VERSION = 1;
				DEVELOPMENT_TEAM = S3AQ9PH5Y7;
				GENERATE_INFOPLIST_FILE = YES;
				INFOPLIST_FILE = Calculator/Info.plist;
				INFOPLIST_KEY_UIApplicationSupportsIndirectInputEvents = YES;
				INFOPLIST_KEY_UILaunchStoryboardName = LaunchScreen;
				INFOPLIST_KEY_UISupportedInterfaceOrientations_iPad = "UIInterfaceOrientationPortrait UIInterfaceOrientationPortraitUpsideDown UIInterfaceOrientationLandscapeLeft UIInterfaceOrientationLandscapeRight";
				INFOPLIST_KEY_UISupportedInterfaceOrientations_iPhone = "UIInterfaceOrientationPortrait UIInterfaceOrientationLandscapeLeft UIInterfaceOrientationLandscapeRight";
				LD_RUNPATH_SEARCH_PATHS = (
					"$(inherited)",
					"@executable_path/Frameworks",
				);
				MARKETING_VERSION = 1.0;
				PRODUCT_BUNDLE_IDENTIFIER = None.Calculator;
				PRODUCT_NAME = "$(TARGET_NAME)";
				SWIFT_EMIT_LOC_STRINGS = YES;
				SWIFT_VERSION = 5.0;
				TARGETED_DEVICE_FAMILY = "1,2";
			};
			name = Release;
		};
/* End XCBuildConfiguration section */

/* Begin XCConfigurationList section */
		5F29DC6E2BAB8C4000174A8E /* Build configuration list for PBXProject "Calculator" */ = {
			isa = XCConfigurationList;
			buildConfigurations = (
				5F29DC852BAB8C4400174A8E /* Debug */,
				5F29DC862BAB8C4400174A8E /* Release */,
			);
			defaultConfigurationIsVisible = 0;
			defaultConfigurationName = Release;
		};
		5F29DC872BAB8C4400174A8E /* Build configuration list for PBXNativeTarget "Calculator" */ = {
			isa = XCConfigurationList;
			buildConfigurations = (
				5F29DC882BAB8C4400174A8E /* Debug */,
				5F29DC892BAB8C4400174A8E /* Release */,
			);
			defaultConfigurationIsVisible = 0;
			defaultConfigurationName = Release;
		};
/* End XCConfigurationList section */
	};
	rootObject = 5F29DC6B2BAB8C4000174A8E /* Project object */;
}
